
Microsoft Visual Studio Solution File, Format Version 12.00
# Visual Studio Version 16
VisualStudioVersion = 16.0.30204.135
MinimumVisualStudioVersion = 10.0.40219.1
Project("{9A19103F-16F7-4668-BE54-9A1E7A4F7556}") = "BrightSky.LotteryNumberGenerator.Core", "src\BrightSky.LotteryNumberGenerator.Core\BrightSky.LotteryNumberGenerator.Core.csproj", "{20417A7D-27DE-4CED-8916-EC47DF0280C6}"
EndProject
Project("{9A19103F-16F7-4668-BE54-9A1E7A4F7556}") = "BrightSky.LotteryNumberGenerator.Cli", "src\BrightSky.LotteryNumberGenerator.Cli\BrightSky.LotteryNumberGenerator.Cli.csproj", "{422E2357-CF66-4B8B-97A4-2A2C9FB8497C}"
EndProject
Project("{9A19103F-16F7-4668-BE54-9A1E7A4F7556}") = "BrightSky.LotteryNumberGenerator.Core.Tests", "test\BrightSky.LotteryNumberGenerator.Core.Tests\BrightSky.LotteryNumberGenerator.Core.Tests.csproj", "{8325F964-D9A1-45BD-BCB5-C54C57F22A7F}"
EndProject
Project("{FAE04EC0-301F-11D3-BF4B-00C04F79EFBC}") = "BrightSky.LotteryNumberGenerator.Cli2", "src\BrightSky.LotteryNumberGenerator.Cli2\BrightSky.LotteryNumberGenerator.Cli2.csproj", "{AB0ACBDC-649E-4001-9042-A3DA959B9452}"
EndProject
Global
	GlobalSection(SolutionConfigurationPlatforms) = preSolution
		Debug|Any CPU = Debug|Any CPU
		Release|Any CPU = Release|Any CPU
	EndGlobalSection
	GlobalSection(ProjectConfigurationPlatforms) = postSolution
		{20417A7D-27DE-4CED-8916-EC47DF0280C6}.Debug|Any CPU.ActiveCfg = Debug|Any CPU
		{20417A7D-27DE-4CED-8916-EC47DF0280C6}.Debug|Any CPU.Build.0 = Debug|Any CPU
		{20417A7D-27DE-4CED-8916-EC47DF0280C6}.Release|Any CPU.ActiveCfg = Release|Any CPU
		{20417A7D-27DE-4CED-8916-EC47DF0280C6}.Release|Any CPU.Build.0 = Release|Any CPU
		{422E2357-CF66-4B8B-97A4-2A2C9FB8497C}.Debug|Any CPU.ActiveCfg = Debug|Any CPU
		{422E2357-CF66-4B8B-97A4-2A2C9FB8497C}.Debug|Any CPU.Build.0 = Debug|Any CPU
		{422E2357-CF66-4B8B-97A4-2A2C9FB8497C}.Release|Any CPU.ActiveCfg = Release|Any CPU
		{422E2357-CF66-4B8B-97A4-2A2C9FB8497C}.Release|Any CPU.Build.0 = Release|Any CPU
		{8325F964-D9A1-45BD-BCB5-C54C57F22A7F}.Debug|Any CPU.ActiveCfg = Debug|Any CPU
		{8325F964-D9A1-45BD-BCB5-C54C57F22A7F}.Debug|Any CPU.Build.0 = Debug|Any CPU
		{8325F964-D9A1-45BD-BCB5-C54C57F22A7F}.Release|Any CPU.ActiveCfg = Release|Any CPU
		{8325F964-D9A1-45BD-BCB5-C54C57F22A7F}.Release|Any CPU.Build.0 = Release|Any CPU
		{AB0ACBDC-649E-4001-9042-A3DA959B9452}.Debug|Any CPU.ActiveCfg = Debug|Any CPU
		{AB0ACBDC-649E-4001-9042-A3DA959B9452}.Debug|Any CPU.Build.0 = Debug|Any CPU
		{AB0ACBDC-649E-4001-9042-A3DA959B9452}.Release|Any CPU.ActiveCfg = Release|Any CPU
		{AB0ACBDC-649E-4001-9042-A3DA959B9452}.Release|Any CPU.Build.0 = Release|Any CPU
	EndGlobalSection
	GlobalSection(SolutionProperties) = preSolution
		HideSolutionNode = FALSE
	EndGlobalSection
	GlobalSection(ExtensibilityGlobals) = postSolution
		SolutionGuid = {5E390923-57FB-4DA0-8112-435BC6BB8A97}
	EndGlobalSection
EndGlobal
